
Microsoft Visual Studio Solution File, Format Version 12.00
# Visual Studio Version 17
VisualStudioVersion = 17.11.35303.130
MinimumVisualStudioVersion = 10.0.40219.1
Project("{FAE04EC0-301F-11D3-BF4B-00C04F79EFBC}") = "hangman", "hangman\hangman.csproj", "{80B3DCF8-D52D-4F02-85F2-8D4235FCE993}"
EndProject
Global
	GlobalSection(SolutionConfigurationPlatforms) = preSolution
		Debug|Any CPU = Debug|Any CPU
		Release|Any CPU = Release|Any CPU
	EndGlobalSection
	GlobalSection(ProjectConfigurationPlatforms) = postSolution
		{80B3DCF8-D52D-4F02-85F2-8D4235FCE993}.Debug|Any CPU.ActiveCfg = Debug|Any CPU
		{80B3DCF8-D52D-4F02-85F2-8D4235FCE993}.Debug|Any CPU.Build.0 = Debug|Any CPU
		{80B3DCF8-D52D-4F02-85F2-8D4235FCE993}.Release|Any CPU.ActiveCfg = Release|Any CPU
		{80B3DCF8-D52D-4F02-85F2-8D4235FCE993}.Release|Any CPU.Build.0 = Release|Any CPU
	EndGlobalSection
	GlobalSection(SolutionProperties) = preSolution
		HideSolutionNode = FALSE
	EndGlobalSection
	GlobalSection(ExtensibilityGlobals) = postSolution
		SolutionGuid = {61A5FC67-4738-42E2-B74E-4D7B51A821B4}
	EndGlobalSection
EndGlobal
